
Microsoft Visual Studio Solution File, Format Version 12.00
# Visual Studio Version 16
VisualStudioVersion = 16.0.31515.178
MinimumVisualStudioVersion = 10.0.40219.1
Project("{FAE04EC0-301F-11D3-BF4B-00C04F79EFBC}") = "BookStoresWebAPI", "BookStoresWebAPI\BookStoresWebAPI.csproj", "{7430CE40-DC1D-44C7-A497-D8C344D0477C}"
EndProject
Global
	GlobalSection(SolutionConfigurationPlatforms) = preSolution
		Debug|Any CPU = Debug|Any CPU
		Release|Any CPU = Release|Any CPU
	EndGlobalSection
	GlobalSection(ProjectConfigurationPlatforms) = postSolution
		{7430CE40-DC1D-44C7-A497-D8C344D0477C}.Debug|Any CPU.ActiveCfg = Debug|Any CPU
		{7430CE40-DC1D-44C7-A497-D8C344D0477C}.Debug|Any CPU.Build.0 = Debug|Any CPU
		{7430CE40-DC1D-44C7-A497-D8C344D0477C}.Release|Any CPU.ActiveCfg = Release|Any CPU
		{7430CE40-DC1D-44C7-A497-D8C344D0477C}.Release|Any CPU.Build.0 = Release|Any CPU
	EndGlobalSection
	GlobalSection(SolutionProperties) = preSolution
		HideSolutionNode = FALSE
	EndGlobalSection
	GlobalSection(ExtensibilityGlobals) = postSolution
		SolutionGuid = {D237488E-DD4E-4128-BCCA-BE5052558B98}
	EndGlobalSection
EndGlobal
